// !$*UTF8*$!
{
	archiveVersion = 1;
	classes = {
	};
	objectVersion = 46;
	objects = {

/* Begin PBXBuildFile section */
		900518CD1DA4D2C400AC0A02 /* AppDelegate.swift in Sources */ = {isa = PBXBuildFile; fileRef = 900518CC1DA4D2C400AC0A02 /* AppDelegate.swift */; };
		900518CF1DA4D2C400AC0A02 /* ViewController.swift in Sources */ = {isa = PBXBuildFile; fileRef = 900518CE1DA4D2C400AC0A02 /* ViewController.swift */; };
		900518D21DA4D2C400AC0A02 /* Main.storyboard in Resources */ = {isa = PBXBuildFile; fileRef = 900518D01DA4D2C400AC0A02 /* Main.storyboard */; };
		900518D41DA4D2C400AC0A02 /* Assets.xcassets in Resources */ = {isa = PBXBuildFile; fileRef = 900518D31DA4D2C400AC0A02 /* Assets.xcassets */; };
		900518D71DA4D2C400AC0A02 /* LaunchScreen.storyboard in Resources */ = {isa = PBXBuildFile; fileRef = 900518D51DA4D2C400AC0A02 /* LaunchScreen.storyboard */; };
/* End PBXBuildFile section */

/* Begin PBXFileReference section */
		900518C91DA4D2C400AC0A02 /* Roshambo.app */ = {isa = PBXFileReference; explicitFileType = wrapper.application; includeInIndex = 0; path = Roshambo.app; sourceTree = BUILT_PRODUCTS_DIR; };
		900518CC1DA4D2C400AC0A02 /* AppDelegate.swift */ = {isa = PBXFileReference; lastKnownFileType = sourcecode.swift; path = AppDelegate.swift; sourceTree = "<group>"; };
		900518CE1DA4D2C400AC0A02 /* ViewController.swift */ = {isa = PBXFileReference; lastKnownFileType = sourcecode.swift; path = ViewController.swift; sourceTree = "<group>"; };
		900518D11DA4D2C400AC0A02 /* Base */ = {isa = PBXFileReference; lastKnownFileType = file.storyboard; name = Base; path = Base.lproj/Main.storyboard; sourceTree = "<group>"; };
		900518D31DA4D2C400AC0A02 /* Assets.xcassets */ = {isa = PBXFileReference; lastKnownFileType = folder.assetcatalog; path = Assets.xcassets; sourceTree = "<group>"; };
		900518D61DA4D2C400AC0A02 /* Base */ = {isa = PBXFileReference; lastKnownFileType = file.storyboard; name = Base; path = Base.lproj/LaunchScreen.storyboard; sourceTree = "<group>"; };
		900518D81DA4D2C400AC0A02 /* Info.plist */ = {isa = PBXFileReference; lastKnownFileType = text.plist.xml; path = Info.plist; sourceTree = "<group>"; };
/* End PBXFileReference section */

/* Begin PBXFrameworksBuildPhase section */
		900518C61DA4D2C400AC0A02 /* Frameworks */ = {
			isa = PBXFrameworksBuildPhase;
			buildActionMask = 2147483647;
			files = (
			);
			runOnlyForDeploymentPostprocessing = 0;
		};
/* End PBXFrameworksBuildPhase section */

/* Begin PBXGroup section */
		900518C01DA4D2C400AC0A02 = {
			isa = PBXGroup;
			children = (
				900518CB1DA4D2C400AC0A02 /* Roshambo */,
				900518CA1DA4D2C400AC0A02 /* Products */,
			);
			sourceTree = "<group>";
		};
		900518CA1DA4D2C400AC0A02 /* Products */ = {
			isa = PBXGroup;
			children = (
				900518C91DA4D2C400AC0A02 /* Roshambo.app */,
			);
			name = Products;
			sourceTree = "<group>";
		};
		900518CB1DA4D2C400AC0A02 /* Roshambo */ = {
			isa = PBXGroup;
			children = (
				900518CC1DA4D2C400AC0A02 /* AppDelegate.swift */,
				900518CE1DA4D2C400AC0A02 /* ViewController.swift */,
				900518D01DA4D2C400AC0A02 /* Main.storyboard */,
				900518D31DA4D2C400AC0A02 /* Assets.xcassets */,
				900518D51DA4D2C400AC0A02 /* LaunchScreen.storyboard */,
				900518D81DA4D2C400AC0A02 /* Info.plist */,
			);
			path = Roshambo;
			sourceTree = "<group>";
		};
/* End PBXGroup section */

/* Begin PBXNativeTarget section */
		900518C81DA4D2C400AC0A02 /* Roshambo */ = {
			isa = PBXNativeTarget;
			buildConfigurationList = 900518DB1DA4D2C400AC0A02 /* Build configuration list for PBXNativeTarget "Roshambo" */;
			buildPhases = (
				900518C51DA4D2C400AC0A02 /* Sources */,
				900518C61DA4D2C400AC0A02 /* Frameworks */,
				900518C71DA4D2C400AC0A02 /* Resources */,
			);
			buildRules = (
			);
			dependencies = (
			);
			name = Roshambo;
			productName = Roshambo;
			productReference = 900518C91DA4D2C400AC0A02 /* Roshambo.app */;
			productType = "com.apple.product-type.application";
		};
/* End PBXNativeTarget section */

/* Begin PBXProject section */
		900518C11DA4D2C400AC0A02 /* Project object */ = {
			isa = PBXProject;
			attributes = {
				LastSwiftUpdateCheck = 0730;
				LastUpgradeCheck = 0730;
				ORGANIZATIONNAME = nwmissourinwmissouri;
				TargetAttributes = {
					900518C81DA4D2C400AC0A02 = {
						CreatedOnToolsVersion = 7.3.1;
						DevelopmentTeam = V84G2DH96Q;
					};
				};
			};
			buildConfigurationList = 900518C41DA4D2C400AC0A02 /* Build configuration list for PBXProject "Roshambo" */;
			compatibilityVersion = "Xcode 3.2";
			developmentRegion = English;
			hasScannedForEncodings = 0;
			knownRegions = (
				en,
				Base,
			);
			mainGroup = 900518C01DA4D2C400AC0A02;
			productRefGroup = 900518CA1DA4D2C400AC0A02 /* Products */;
			projectDirPath = "";
			projectRoot = "";
			targets = (
				900518C81DA4D2C400AC0A02 /* Roshambo */,
			);
		};
/* End PBXProject section */

/* Begin PBXResourcesBuildPhase section */
		900518C71DA4D2C400AC0A02 /* Resources */ = {
			isa = PBXResourcesBuildPhase;
			buildActionMask = 2147483647;
			files = (
				900518D71DA4D2C400AC0A02 /* LaunchScreen.storyboard in Resources */,
				900518D41DA4D2C400AC0A02 /* Assets.xcassets in Resources */,
				900518D21DA4D2C400AC0A02 /* Main.storyboard in Resources */,
			);
			runOnlyForDeploymentPostprocessing = 0;
		};
/* End PBXResourcesBuildPhase section */

/* Begin PBXSourcesBuildPhase section */
		900518C51DA4D2C400AC0A02 /* Sources */ = {
			isa = PBXSourcesBuildPhase;
			buildActionMask = 2147483647;
			files = (
				900518CF1DA4D2C400AC0A02 /* ViewController.swift in Sources */,
				900518CD1DA4D2C400AC0A02 /* AppDelegate.swift in Sources */,
			);
			runOnlyForDeploymentPostprocessing = 0;
		};
/* End PBXSourcesBuildPhase section */

/* Begin PBXVariantGroup section */
		900518D01DA4D2C400AC0A02 /* Main.storyboard */ = {
			isa = PBXVariantGroup;
			children = (
				900518D11DA4D2C400AC0A02 /* Base */,
			);
			name = Main.storyboard;
			sourceTree = "<group>";
		};
		900518D51DA4D2C400AC0A02 /* LaunchScreen.storyboard */ = {
			isa = PBXVariantGroup;
			children = (
				900518D61DA4D2C400AC0A02 /* Base */,
			);
			name = LaunchScreen.storyboard;
			sourceTree = "<group>";
		};
/* End PBXVariantGroup section */

/* Begin XCBuildConfiguration section */
		900518D91DA4D2C400AC0A02 /* Debug */ = {
			isa = XCBuildConfiguration;
			buildSettings = {
				ALWAYS_SEARCH_USER_PATHS = NO;
				CLANG_ANALYZER_NONNULL = YES;
				CLANG_CXX_LANGUAGE_STANDARD = "gnu++0x";
				CLANG_CXX_LIBRARY = "libc++";
				CLANG_ENABLE_MODULES = YES;
				CLANG_ENABLE_OBJC_ARC = YES;
				CLANG_WARN_BOOL_CONVERSION = YES;
				CLANG_WARN_CONSTANT_CONVERSION = YES;
				CLANG_WARN_DIRECT_OBJC_ISA_USAGE = YES_ERROR;
				CLANG_WARN_EMPTY_BODY = YES;
				CLANG_WARN_ENUM_CONVERSION = YES;
				CLANG_WARN_INT_CONVERSION = YES;
				CLANG_WARN_OBJC_ROOT_CLASS = YES_ERROR;
				CLANG_WARN_UNREACHABLE_CODE = YES;
				CLANG_WARN__DUPLICATE_METHOD_MATCH = YES;
				"CODE_SIGN_IDENTITY[sdk=iphoneos*]" = "iPhone Developer";
				COPY_PHASE_STRIP = NO;
				DEBUG_INFORMATION_FORMAT = dwarf;
				ENABLE_STRICT_OBJC_MSGSEND = YES;
				ENABLE_TESTABILITY = YES;
				GCC_C_LANGUAGE_STANDARD = gnu99;
				GCC_DYNAMIC_NO_PIC = NO;
				GCC_NO_COMMON_BLOCKS = YES;
				GCC_OPTIMIZATION_LEVEL = 0;
				GCC_PREPROCESSOR_DEFINITIONS = (
					"DEBUG=1",
					"$(inherited)",
				);
				GCC_WARN_64_TO_32_BIT_CONVERSION = YES;
				GCC_WARN_ABOUT_RETURN_TYPE = YES_ERROR;
				GCC_WARN_UNDECLARED_SELECTOR = YES;
				GCC_WARN_UNINITIALIZED_AUTOS = YES_AGGRESSIVE;
				GCC_WARN_UNUSED_FUNCTION = YES;
				GCC_WARN_UNUSED_VARIABLE = YES;
				IPHONEOS_DEPLOYMENT_TARGET = 9.3;
				MTL_ENABLE_DEBUG_INFO = YES;
				ONLY_ACTIVE_ARCH = YES;
				SDKROOT = iphoneos;
				SWIFT_OPTIMIZATION_LEVEL = "-Onone";
			};
			name = Debug;
		};
		900518DA1DA4D2C400AC0A02 /* Release */ = {
			isa = XCBuildConfiguration;
			buildSettings = {
				ALWAYS_SEARCH_USER_PATHS = NO;
				CLANG_ANALYZER_NONNULL = YES;
				CLANG_CXX_LANGUAGE_STANDARD = "gnu++0x";
				CLANG_CXX_LIBRARY = "libc++";
				CLANG_ENABLE_MODULES = YES;
				CLANG_ENABLE_OBJC_ARC = YES;
				CLANG_WARN_BOOL_CONVERSION = YES;
				CLANG_WARN_CONSTANT_CONVERSION = YES;
				CLANG_WARN_DIRECT_OBJC_ISA_USAGE = YES_ERROR;
				CLANG_WARN_EMPTY_BODY = YES;
				CLANG_WARN_ENUM_CONVERSION = YES;
				CLANG_WARN_INT_CONVERSION = YES;
				CLANG_WARN_OBJC_ROOT_CLASS = YES_ERROR;
				CLANG_WARN_UNREACHABLE_CODE = YES;
				CLANG_WARN__DUPLICATE_METHOD_MATCH = YES;
				"CODE_SIGN_IDENTITY[sdk=iphoneos*]" = "iPhone Developer";
				COPY_PHASE_STRIP = NO;
				DEBUG_INFORMATION_FORMAT = "dwarf-with-dsym";
				ENABLE_NS_ASSERTIONS = NO;
				ENABLE_STRICT_OBJC_MSGSEND = YES;
				GCC_C_LANGUAGE_STANDARD = gnu99;
				GCC_NO_COMMON_BLOCKS = YES;
				GCC_WARN_64_TO_32_BIT_CONVERSION = YES;
				GCC_WARN_ABOUT_RETURN_TYPE = YES_ERROR;
				GCC_WARN_UNDECLARED_SELECTOR = YES;
				GCC_WARN_UNINITIALIZED_AUTOS = YES_AGGRESSIVE;
				GCC_WARN_UNUSED_FUNCTION = YES;
				GCC_WARN_UNUSED_VARIABLE = YES;
				IPHONEOS_DEPLOYMENT_TARGET = 9.3;
				MTL_ENABLE_DEBUG_INFO = NO;
				SDKROOT = iphoneos;
				VALIDATE_PRODUCT = YES;
			};
			name = Release;
		};
		900518DC1DA4D2C400AC0A02 /* Debug */ = {
			isa = XCBuildConfiguration;
			buildSettings = {
				ASSETCATALOG_COMPILER_APPICON_NAME = AppIcon;
				INFOPLIST_FILE = Roshambo/Info.plist;
				LD_RUNPATH_SEARCH_PATHS = "$(inherited) @executable_path/Frameworks";
				PRODUCT_BUNDLE_IDENTIFIER = edu.nwmissouri.Roshambo;
				PRODUCT_NAME = "$(TARGET_NAME)";
			};
			name = Debug;
		};
		900518DD1DA4D2C400AC0A02 /* Release */ = {
			isa = XCBuildConfiguration;
			buildSettings = {
				ASSETCATALOG_COMPILER_APPICON_NAME = AppIcon;
				INFOPLIST_FILE = Roshambo/Info.plist;
				LD_RUNPATH_SEARCH_PATHS = "$(inherited) @executable_path/Frameworks";
				PRODUCT_BUNDLE_IDENTIFIER = edu.nwmissouri.Roshambo;
				PRODUCT_NAME = "$(TARGET_NAME)";
			};
			name = Release;
		};
/* End XCBuildConfiguration section */

/* Begin XCConfigurationList section */
		900518C41DA4D2C400AC0A02 /* Build configuration list for PBXProject "Roshambo" */ = {
			isa = XCConfigurationList;
			buildConfigurations = (
				900518D91DA4D2C400AC0A02 /* Debug */,
				900518DA1DA4D2C400AC0A02 /* Release */,
			);
			defaultConfigurationIsVisible = 0;
			defaultConfigurationName = Release;
		};
		900518DB1DA4D2C400AC0A02 /* Build configuration list for PBXNativeTarget "Roshambo" */ = {
			isa = XCConfigurationList;
			buildConfigurations = (
				900518DC1DA4D2C400AC0A02 /* Debug */,
				900518DD1DA4D2C400AC0A02 /* Release */,
			);
			defaultConfigurationIsVisible = 0;
		};
/* End XCConfigurationList section */
	};
	rootObject = 900518C11DA4D2C400AC0A02 /* Project object */;
}
